
Microsoft Visual Studio Solution File, Format Version 12.00
# Visual Studio 15
VisualStudioVersion = 15.0.26730.8
MinimumVisualStudioVersion = 10.0.40219.1
Project("{FAE04EC0-301F-11D3-BF4B-00C04F79EFBC}") = "ConsoleApp2", "ConsoleApp2\ConsoleApp2.csproj", "{DB367547-D0BB-45AE-A015-A352158A1040}"
EndProject
Global
	GlobalSection(SolutionConfigurationPlatforms) = preSolution
		Debug|Any CPU = Debug|Any CPU
		Release|Any CPU = Release|Any CPU
	EndGlobalSection
	GlobalSection(ProjectConfigurationPlatforms) = postSolution
		{DB367547-D0BB-45AE-A015-A352158A1040}.Debug|Any CPU.ActiveCfg = Debug|Any CPU
		{DB367547-D0BB-45AE-A015-A352158A1040}.Debug|Any CPU.Build.0 = Debug|Any CPU
		{DB367547-D0BB-45AE-A015-A352158A1040}.Release|Any CPU.ActiveCfg = Release|Any CPU
		{DB367547-D0BB-45AE-A015-A352158A1040}.Release|Any CPU.Build.0 = Release|Any CPU
	EndGlobalSection
	GlobalSection(SolutionProperties) = preSolution
		HideSolutionNode = FALSE
	EndGlobalSection
	GlobalSection(ExtensibilityGlobals) = postSolution
		SolutionGuid = {6D9FA384-9B28-43F0-976B-A80A0790A123}
	EndGlobalSection
EndGlobal
