
Microsoft Visual Studio Solution File, Format Version 12.00
# Visual Studio 15
VisualStudioVersion = 15.0.26730.8
MinimumVisualStudioVersion = 10.0.40219.1
Project("{FAE04EC0-301F-11D3-BF4B-00C04F79EFBC}") = "WindowsFormsApp1", "WindowsFormsApp1\WindowsFormsApp1.csproj", "{CA19B4FB-E6FB-46E8-85F3-149D6C013D5E}"
EndProject
Global
	GlobalSection(SolutionConfigurationPlatforms) = preSolution
		Debug|Any CPU = Debug|Any CPU
		Release|Any CPU = Release|Any CPU
	EndGlobalSection
	GlobalSection(ProjectConfigurationPlatforms) = postSolution
		{CA19B4FB-E6FB-46E8-85F3-149D6C013D5E}.Debug|Any CPU.ActiveCfg = Debug|Any CPU
		{CA19B4FB-E6FB-46E8-85F3-149D6C013D5E}.Debug|Any CPU.Build.0 = Debug|Any CPU
		{CA19B4FB-E6FB-46E8-85F3-149D6C013D5E}.Release|Any CPU.ActiveCfg = Release|Any CPU
		{CA19B4FB-E6FB-46E8-85F3-149D6C013D5E}.Release|Any CPU.Build.0 = Release|Any CPU
	EndGlobalSection
	GlobalSection(SolutionProperties) = preSolution
		HideSolutionNode = FALSE
	EndGlobalSection
	GlobalSection(ExtensibilityGlobals) = postSolution
		SolutionGuid = {40B754A4-E788-4B65-9F93-5B5880AB3B64}
	EndGlobalSection
EndGlobal
